
Microsoft Visual Studio Solution File, Format Version 12.00
# Visual Studio Version 18
VisualStudioVersion = 18.0.11018.127
MinimumVisualStudioVersion = 10.0.40219.1
Project("{2150E333-8FDC-42A3-9474-1A3956D46DE8}") = "UI", "UI", "{8CCA244E-67D0-4DF5-8B6C-17F317AA607C}"
EndProject
Project("{FAE04EC0-301F-11D3-BF4B-00C04F79EFBC}") = "ConsoleUi", "UI\ConsoleUi\ConsoleUi.csproj", "{E513E557-3FAF-0D2E-F72A-11171988EE60}"
	ProjectSection(ProjectDependencies) = postProject
		{197C2EA8-58EA-A768-C664-F7AA13EDC7ED} = {197C2EA8-58EA-A768-C664-F7AA13EDC7ED}
		{200D652A-807B-44F8-7919-EC5345C67714} = {200D652A-807B-44F8-7919-EC5345C67714}
		{2DE05342-1527-0EBA-24EC-A9209FB057BA} = {2DE05342-1527-0EBA-24EC-A9209FB057BA}
		{3DC25EC8-43A5-D9F7-A6C7-346B14E905A2} = {3DC25EC8-43A5-D9F7-A6C7-346B14E905A2}
		{4A29280D-4BB5-4C22-EA77-E2FFB887BE9A} = {4A29280D-4BB5-4C22-EA77-E2FFB887BE9A}
		{4A7B5195-15A6-1849-BF6A-C81E6F07C352} = {4A7B5195-15A6-1849-BF6A-C81E6F07C352}
		{8B7674B2-8E1E-1179-9EA1-B37CDB1B0CCF} = {8B7674B2-8E1E-1179-9EA1-B37CDB1B0CCF}
	EndProjectSection
EndProject
Project("{2150E333-8FDC-42A3-9474-1A3956D46DE8}") = "Modules", "Modules", "{8319A2C1-7A63-4639-B37F-0C804007B8C1}"
EndProject
Project("{2150E333-8FDC-42A3-9474-1A3956D46DE8}") = "Infra", "Infra", "{8838E333-723F-4D94-AA7E-010BA96BE115}"
EndProject
Project("{FAE04EC0-301F-11D3-BF4B-00C04F79EFBC}") = "AppBoot", "Infra\AppBoot\AppBoot.csproj", "{991B4805-BB14-3351-1D86-58C4538A460A}"
EndProject
Project("{FAE04EC0-301F-11D3-BF4B-00C04F79EFBC}") = "AppBoot.UnitTests", "Infra\AppBoot.UnitTests\AppBoot.UnitTests.csproj", "{B5FA3BF8-3AEC-81FC-BC59-053550300A2F}"
EndProject
Project("{FAE04EC0-301F-11D3-BF4B-00C04F79EFBC}") = "DataAccess", "Infra\DataAccess\DataAccess.csproj", "{785DA49E-457F-734B-E08E-4F5C56B0432A}"
EndProject
Project("{FAE04EC0-301F-11D3-BF4B-00C04F79EFBC}") = "Contracts", "Modules\Contracts\Contracts.csproj", "{3DA49FD3-1336-6C92-F503-0527892DF3C6}"
EndProject
Project("{2150E333-8FDC-42A3-9474-1A3956D46DE8}") = "Sales", "Sales", "{BDF1BC57-DCD1-4EF4-AF95-D58DC60C3FDD}"
EndProject
Project("{2150E333-8FDC-42A3-9474-1A3956D46DE8}") = "Notifications", "Notifications", "{1FF57F89-8CD2-4B5C-96D6-C55BDD810DC8}"
EndProject
Project("{FAE04EC0-301F-11D3-BF4B-00C04F79EFBC}") = "Notifications.Services", "Modules\Notifications\Notifications.Services\Notifications.Services.csproj", "{4A7B5195-15A6-1849-BF6A-C81E6F07C352}"
EndProject
Project("{FAE04EC0-301F-11D3-BF4B-00C04F79EFBC}") = "Sales.DataModel", "Modules\Sales\Sales.DataModel\Sales.DataModel.csproj", "{85B66B0C-DDB4-E33A-8626-891A7892B178}"
EndProject
Project("{FAE04EC0-301F-11D3-BF4B-00C04F79EFBC}") = "Sales.Services", "Modules\Sales\Sales.Services\Sales.Services.csproj", "{4A29280D-4BB5-4C22-EA77-E2FFB887BE9A}"
	ProjectSection(ProjectDependencies) = postProject
		{8ECFDB0C-9146-4C51-B8AF-3DC696492DAE} = {8ECFDB0C-9146-4C51-B8AF-3DC696492DAE}
	EndProjectSection
EndProject
Project("{FAE04EC0-301F-11D3-BF4B-00C04F79EFBC}") = "Sales.DbContext", "Modules\Sales\Sales.DbContext\Sales.DbContext.csproj", "{8ECFDB0C-9146-4C51-B8AF-3DC696492DAE}"
EndProject
Project("{2150E333-8FDC-42A3-9474-1A3956D46DE8}") = ".Practice", ".Practice", "{AB73E502-96DD-4274-9EDE-A1D7C22FF9FF}"
	ProjectSection(SolutionItems) = preProject
		.Practice\PointsOfAttention.md = .Practice\PointsOfAttention.md
		.Practice\readme.md = .Practice\readme.md
	EndProjectSection
EndProject
Project("{2150E333-8FDC-42A3-9474-1A3956D46DE8}") = "Export", "Export", "{245D566B-0CDB-48F1-A45A-966128DC3D06}"
EndProject
Project("{FAE04EC0-301F-11D3-BF4B-00C04F79EFBC}") = "Export.Services", "Modules\Export\Export.Services\Export.Services.csproj", "{2DE05342-1527-0EBA-24EC-A9209FB057BA}"
EndProject
Project("{FAE04EC0-301F-11D3-BF4B-00C04F79EFBC}") = "Export.DataModel", "Modules\Export\Export.DataModel\Export.DataModel.csproj", "{F7FCFFBE-664B-53DA-4E09-09D64789573C}"
EndProject
Project("{2150E333-8FDC-42A3-9474-1A3956D46DE8}") = ".github", ".github", "{AE669F68-DC66-4CB6-840C-E2A8E762B2DF}"
	ProjectSection(SolutionItems) = preProject
		.github\copilot-exclude.yml = .github\copilot-exclude.yml
		.github\copilot-instructions.md = .github\copilot-instructions.md
	EndProjectSection
EndProject
Project("{FAE04EC0-301F-11D3-BF4B-00C04F79EFBC}") = "Sales.ConsoleCommands", "Modules\Sales\Sales.ConsoleCommands\Sales.ConsoleCommands.csproj", "{200D652A-807B-44F8-7919-EC5345C67714}"
EndProject
Project("{2150E333-8FDC-42A3-9474-1A3956D46DE8}") = "ProductsManagement", "ProductsManagement", "{72DE64A3-840C-4B22-83B2-1F8F3C5F5E57}"
EndProject
Project("{FAE04EC0-301F-11D3-BF4B-00C04F79EFBC}") = "ProductsManagement.Services", "Modules\ProductsManagement\ProductsManagement.Services\ProductsManagement.Services.csproj", "{197C2EA8-58EA-A768-C664-F7AA13EDC7ED}"
EndProject
Project("{FAE04EC0-301F-11D3-BF4B-00C04F79EFBC}") = "ProductsManagement.ConsoleCommands", "Modules\ProductsManagement\ProductsManagement.ConsoleCommands\ProductsManagement.ConsoleCommands.csproj", "{3DC25EC8-43A5-D9F7-A6C7-346B14E905A2}"
EndProject
Project("{FAE04EC0-301F-11D3-BF4B-00C04F79EFBC}") = "ProductsManagement.DataModel", "Modules\ProductsManagement\ProductsManagement.DataModel\ProductsManagement.DataModel.csproj", "{5D518014-2AD1-45DA-A3C3-BBB8DA215E15}"
EndProject
Project("{FAE04EC0-301F-11D3-BF4B-00C04F79EFBC}") = "ProductsManagement.DbContext", "Modules\ProductsManagement\ProductsManagement.DbContext\ProductsManagement.DbContext.csproj", "{23D05CB3-970B-7AF0-4EBA-6E5705B0A970}"
EndProject
Project("{2150E333-8FDC-42A3-9474-1A3956D46DE8}") = "PersonsManagement", "PersonsManagement", "{7345D7EF-E4F8-45A0-85AC-E0099B1C1E00}"
EndProject
Project("{FAE04EC0-301F-11D3-BF4B-00C04F79EFBC}") = "PersonsManagement.Services", "Modules\PersonsManagement\PersonsManagement.Services\PersonsManagement.Services.csproj", "{8B7674B2-8E1E-1179-9EA1-B37CDB1B0CCF}"
	ProjectSection(ProjectDependencies) = postProject
		{03CC54E0-D276-5C7F-3A4F-C1E4774712C8} = {03CC54E0-D276-5C7F-3A4F-C1E4774712C8}
	EndProjectSection
EndProject
Project("{FAE04EC0-301F-11D3-BF4B-00C04F79EFBC}") = "PersonsManagement.DbContext", "Modules\PersonsManagement\PersonsManagement.DbContext\PersonsManagement.DbContext.csproj", "{03CC54E0-D276-5C7F-3A4F-C1E4774712C8}"
EndProject
Project("{FAE04EC0-301F-11D3-BF4B-00C04F79EFBC}") = "PersonsManagement.DataModel", "Modules\PersonsManagement\PersonsManagement.DataModel\PersonsManagement.DataModel.csproj", "{C8819CD8-47C8-707B-1EAF-6B7E55451C08}"
EndProject
Project("{FAE04EC0-301F-11D3-BF4B-00C04F79EFBC}") = "PersonsManagement.ConsoleCommands", "Modules\PersonsManagement\PersonsManagement.ConsoleCommands\PersonsManagement.ConsoleCommands.csproj", "{EA568308-EFF1-BB6F-8BA8-0DFE8AB9F45D}"
EndProject
Global
	GlobalSection(SolutionConfigurationPlatforms) = preSolution
		Debug|Any CPU = Debug|Any CPU
		Release|Any CPU = Release|Any CPU
	EndGlobalSection
	GlobalSection(ProjectConfigurationPlatforms) = postSolution
		{E513E557-3FAF-0D2E-F72A-11171988EE60}.Debug|Any CPU.ActiveCfg = Debug|Any CPU
		{E513E557-3FAF-0D2E-F72A-11171988EE60}.Debug|Any CPU.Build.0 = Debug|Any CPU
		{E513E557-3FAF-0D2E-F72A-11171988EE60}.Release|Any CPU.ActiveCfg = Release|Any CPU
		{E513E557-3FAF-0D2E-F72A-11171988EE60}.Release|Any CPU.Build.0 = Release|Any CPU
		{991B4805-BB14-3351-1D86-58C4538A460A}.Debug|Any CPU.ActiveCfg = Debug|Any CPU
		{991B4805-BB14-3351-1D86-58C4538A460A}.Debug|Any CPU.Build.0 = Debug|Any CPU
		{991B4805-BB14-3351-1D86-58C4538A460A}.Release|Any CPU.ActiveCfg = Release|Any CPU
		{991B4805-BB14-3351-1D86-58C4538A460A}.Release|Any CPU.Build.0 = Release|Any CPU
		{B5FA3BF8-3AEC-81FC-BC59-053550300A2F}.Debug|Any CPU.ActiveCfg = Debug|Any CPU
		{B5FA3BF8-3AEC-81FC-BC59-053550300A2F}.Debug|Any CPU.Build.0 = Debug|Any CPU
		{B5FA3BF8-3AEC-81FC-BC59-053550300A2F}.Release|Any CPU.ActiveCfg = Release|Any CPU
		{B5FA3BF8-3AEC-81FC-BC59-053550300A2F}.Release|Any CPU.Build.0 = Release|Any CPU
		{785DA49E-457F-734B-E08E-4F5C56B0432A}.Debug|Any CPU.ActiveCfg = Debug|Any CPU
		{785DA49E-457F-734B-E08E-4F5C56B0432A}.Debug|Any CPU.Build.0 = Debug|Any CPU
		{785DA49E-457F-734B-E08E-4F5C56B0432A}.Release|Any CPU.ActiveCfg = Release|Any CPU
		{785DA49E-457F-734B-E08E-4F5C56B0432A}.Release|Any CPU.Build.0 = Release|Any CPU
		{3DA49FD3-1336-6C92-F503-0527892DF3C6}.Debug|Any CPU.ActiveCfg = Debug|Any CPU
		{3DA49FD3-1336-6C92-F503-0527892DF3C6}.Debug|Any CPU.Build.0 = Debug|Any CPU
		{3DA49FD3-1336-6C92-F503-0527892DF3C6}.Release|Any CPU.ActiveCfg = Release|Any CPU
		{3DA49FD3-1336-6C92-F503-0527892DF3C6}.Release|Any CPU.Build.0 = Release|Any CPU
		{4A7B5195-15A6-1849-BF6A-C81E6F07C352}.Debug|Any CPU.ActiveCfg = Debug|Any CPU
		{4A7B5195-15A6-1849-BF6A-C81E6F07C352}.Debug|Any CPU.Build.0 = Debug|Any CPU
		{4A7B5195-15A6-1849-BF6A-C81E6F07C352}.Release|Any CPU.ActiveCfg = Release|Any CPU
		{4A7B5195-15A6-1849-BF6A-C81E6F07C352}.Release|Any CPU.Build.0 = Release|Any CPU
		{85B66B0C-DDB4-E33A-8626-891A7892B178}.Debug|Any CPU.ActiveCfg = Debug|Any CPU
		{85B66B0C-DDB4-E33A-8626-891A7892B178}.Debug|Any CPU.Build.0 = Debug|Any CPU
		{85B66B0C-DDB4-E33A-8626-891A7892B178}.Release|Any CPU.ActiveCfg = Release|Any CPU
		{85B66B0C-DDB4-E33A-8626-891A7892B178}.Release|Any CPU.Build.0 = Release|Any CPU
		{4A29280D-4BB5-4C22-EA77-E2FFB887BE9A}.Debug|Any CPU.ActiveCfg = Debug|Any CPU
		{4A29280D-4BB5-4C22-EA77-E2FFB887BE9A}.Debug|Any CPU.Build.0 = Debug|Any CPU
		{4A29280D-4BB5-4C22-EA77-E2FFB887BE9A}.Release|Any CPU.ActiveCfg = Release|Any CPU
		{4A29280D-4BB5-4C22-EA77-E2FFB887BE9A}.Release|Any CPU.Build.0 = Release|Any CPU
		{8ECFDB0C-9146-4C51-B8AF-3DC696492DAE}.Debug|Any CPU.ActiveCfg = Debug|Any CPU
		{8ECFDB0C-9146-4C51-B8AF-3DC696492DAE}.Debug|Any CPU.Build.0 = Debug|Any CPU
		{8ECFDB0C-9146-4C51-B8AF-3DC696492DAE}.Release|Any CPU.ActiveCfg = Release|Any CPU
		{8ECFDB0C-9146-4C51-B8AF-3DC696492DAE}.Release|Any CPU.Build.0 = Release|Any CPU
		{2DE05342-1527-0EBA-24EC-A9209FB057BA}.Debug|Any CPU.ActiveCfg = Debug|Any CPU
		{2DE05342-1527-0EBA-24EC-A9209FB057BA}.Debug|Any CPU.Build.0 = Debug|Any CPU
		{2DE05342-1527-0EBA-24EC-A9209FB057BA}.Release|Any CPU.ActiveCfg = Release|Any CPU
		{2DE05342-1527-0EBA-24EC-A9209FB057BA}.Release|Any CPU.Build.0 = Release|Any CPU
		{F7FCFFBE-664B-53DA-4E09-09D64789573C}.Debug|Any CPU.ActiveCfg = Debug|Any CPU
		{F7FCFFBE-664B-53DA-4E09-09D64789573C}.Debug|Any CPU.Build.0 = Debug|Any CPU
		{F7FCFFBE-664B-53DA-4E09-09D64789573C}.Release|Any CPU.ActiveCfg = Release|Any CPU
		{F7FCFFBE-664B-53DA-4E09-09D64789573C}.Release|Any CPU.Build.0 = Release|Any CPU
		{200D652A-807B-44F8-7919-EC5345C67714}.Debug|Any CPU.ActiveCfg = Debug|Any CPU
		{200D652A-807B-44F8-7919-EC5345C67714}.Debug|Any CPU.Build.0 = Debug|Any CPU
		{200D652A-807B-44F8-7919-EC5345C67714}.Release|Any CPU.ActiveCfg = Release|Any CPU
		{200D652A-807B-44F8-7919-EC5345C67714}.Release|Any CPU.Build.0 = Release|Any CPU
		{197C2EA8-58EA-A768-C664-F7AA13EDC7ED}.Debug|Any CPU.ActiveCfg = Debug|Any CPU
		{197C2EA8-58EA-A768-C664-F7AA13EDC7ED}.Debug|Any CPU.Build.0 = Debug|Any CPU
		{197C2EA8-58EA-A768-C664-F7AA13EDC7ED}.Release|Any CPU.ActiveCfg = Release|Any CPU
		{197C2EA8-58EA-A768-C664-F7AA13EDC7ED}.Release|Any CPU.Build.0 = Release|Any CPU
		{3DC25EC8-43A5-D9F7-A6C7-346B14E905A2}.Debug|Any CPU.ActiveCfg = Debug|Any CPU
		{3DC25EC8-43A5-D9F7-A6C7-346B14E905A2}.Debug|Any CPU.Build.0 = Debug|Any CPU
		{3DC25EC8-43A5-D9F7-A6C7-346B14E905A2}.Release|Any CPU.ActiveCfg = Release|Any CPU
		{3DC25EC8-43A5-D9F7-A6C7-346B14E905A2}.Release|Any CPU.Build.0 = Release|Any CPU
		{5D518014-2AD1-45DA-A3C3-BBB8DA215E15}.Debug|Any CPU.ActiveCfg = Debug|Any CPU
		{5D518014-2AD1-45DA-A3C3-BBB8DA215E15}.Debug|Any CPU.Build.0 = Debug|Any CPU
		{5D518014-2AD1-45DA-A3C3-BBB8DA215E15}.Release|Any CPU.ActiveCfg = Release|Any CPU
		{5D518014-2AD1-45DA-A3C3-BBB8DA215E15}.Release|Any CPU.Build.0 = Release|Any CPU
		{23D05CB3-970B-7AF0-4EBA-6E5705B0A970}.Debug|Any CPU.ActiveCfg = Debug|Any CPU
		{23D05CB3-970B-7AF0-4EBA-6E5705B0A970}.Debug|Any CPU.Build.0 = Debug|Any CPU
		{23D05CB3-970B-7AF0-4EBA-6E5705B0A970}.Release|Any CPU.ActiveCfg = Release|Any CPU
		{23D05CB3-970B-7AF0-4EBA-6E5705B0A970}.Release|Any CPU.Build.0 = Release|Any CPU
		{8B7674B2-8E1E-1179-9EA1-B37CDB1B0CCF}.Debug|Any CPU.ActiveCfg = Debug|Any CPU
		{8B7674B2-8E1E-1179-9EA1-B37CDB1B0CCF}.Debug|Any CPU.Build.0 = Debug|Any CPU
		{8B7674B2-8E1E-1179-9EA1-B37CDB1B0CCF}.Release|Any CPU.ActiveCfg = Release|Any CPU
		{8B7674B2-8E1E-1179-9EA1-B37CDB1B0CCF}.Release|Any CPU.Build.0 = Release|Any CPU
		{03CC54E0-D276-5C7F-3A4F-C1E4774712C8}.Debug|Any CPU.ActiveCfg = Debug|Any CPU
		{03CC54E0-D276-5C7F-3A4F-C1E4774712C8}.Debug|Any CPU.Build.0 = Debug|Any CPU
		{03CC54E0-D276-5C7F-3A4F-C1E4774712C8}.Release|Any CPU.ActiveCfg = Release|Any CPU
		{03CC54E0-D276-5C7F-3A4F-C1E4774712C8}.Release|Any CPU.Build.0 = Release|Any CPU
		{C8819CD8-47C8-707B-1EAF-6B7E55451C08}.Debug|Any CPU.ActiveCfg = Debug|Any CPU
		{C8819CD8-47C8-707B-1EAF-6B7E55451C08}.Debug|Any CPU.Build.0 = Debug|Any CPU
		{C8819CD8-47C8-707B-1EAF-6B7E55451C08}.Release|Any CPU.ActiveCfg = Release|Any CPU
		{C8819CD8-47C8-707B-1EAF-6B7E55451C08}.Release|Any CPU.Build.0 = Release|Any CPU
		{EA568308-EFF1-BB6F-8BA8-0DFE8AB9F45D}.Debug|Any CPU.ActiveCfg = Debug|Any CPU
		{EA568308-EFF1-BB6F-8BA8-0DFE8AB9F45D}.Debug|Any CPU.Build.0 = Debug|Any CPU
		{EA568308-EFF1-BB6F-8BA8-0DFE8AB9F45D}.Release|Any CPU.ActiveCfg = Release|Any CPU
		{EA568308-EFF1-BB6F-8BA8-0DFE8AB9F45D}.Release|Any CPU.Build.0 = Release|Any CPU
	EndGlobalSection
	GlobalSection(SolutionProperties) = preSolution
		HideSolutionNode = FALSE
	EndGlobalSection
	GlobalSection(NestedProjects) = preSolution
		{E513E557-3FAF-0D2E-F72A-11171988EE60} = {8CCA244E-67D0-4DF5-8B6C-17F317AA607C}
		{991B4805-BB14-3351-1D86-58C4538A460A} = {8838E333-723F-4D94-AA7E-010BA96BE115}
		{B5FA3BF8-3AEC-81FC-BC59-053550300A2F} = {8838E333-723F-4D94-AA7E-010BA96BE115}
		{785DA49E-457F-734B-E08E-4F5C56B0432A} = {8838E333-723F-4D94-AA7E-010BA96BE115}
		{3DA49FD3-1336-6C92-F503-0527892DF3C6} = {8319A2C1-7A63-4639-B37F-0C804007B8C1}
		{BDF1BC57-DCD1-4EF4-AF95-D58DC60C3FDD} = {8319A2C1-7A63-4639-B37F-0C804007B8C1}
		{1FF57F89-8CD2-4B5C-96D6-C55BDD810DC8} = {8319A2C1-7A63-4639-B37F-0C804007B8C1}
		{4A7B5195-15A6-1849-BF6A-C81E6F07C352} = {1FF57F89-8CD2-4B5C-96D6-C55BDD810DC8}
		{85B66B0C-DDB4-E33A-8626-891A7892B178} = {BDF1BC57-DCD1-4EF4-AF95-D58DC60C3FDD}
		{4A29280D-4BB5-4C22-EA77-E2FFB887BE9A} = {BDF1BC57-DCD1-4EF4-AF95-D58DC60C3FDD}
		{8ECFDB0C-9146-4C51-B8AF-3DC696492DAE} = {BDF1BC57-DCD1-4EF4-AF95-D58DC60C3FDD}
		{245D566B-0CDB-48F1-A45A-966128DC3D06} = {8319A2C1-7A63-4639-B37F-0C804007B8C1}
		{2DE05342-1527-0EBA-24EC-A9209FB057BA} = {245D566B-0CDB-48F1-A45A-966128DC3D06}
		{F7FCFFBE-664B-53DA-4E09-09D64789573C} = {245D566B-0CDB-48F1-A45A-966128DC3D06}
		{200D652A-807B-44F8-7919-EC5345C67714} = {BDF1BC57-DCD1-4EF4-AF95-D58DC60C3FDD}
		{72DE64A3-840C-4B22-83B2-1F8F3C5F5E57} = {8319A2C1-7A63-4639-B37F-0C804007B8C1}
		{197C2EA8-58EA-A768-C664-F7AA13EDC7ED} = {72DE64A3-840C-4B22-83B2-1F8F3C5F5E57}
		{3DC25EC8-43A5-D9F7-A6C7-346B14E905A2} = {72DE64A3-840C-4B22-83B2-1F8F3C5F5E57}
		{5D518014-2AD1-45DA-A3C3-BBB8DA215E15} = {72DE64A3-840C-4B22-83B2-1F8F3C5F5E57}
		{23D05CB3-970B-7AF0-4EBA-6E5705B0A970} = {72DE64A3-840C-4B22-83B2-1F8F3C5F5E57}
		{7345D7EF-E4F8-45A0-85AC-E0099B1C1E00} = {8319A2C1-7A63-4639-B37F-0C804007B8C1}
		{8B7674B2-8E1E-1179-9EA1-B37CDB1B0CCF} = {7345D7EF-E4F8-45A0-85AC-E0099B1C1E00}
		{03CC54E0-D276-5C7F-3A4F-C1E4774712C8} = {7345D7EF-E4F8-45A0-85AC-E0099B1C1E00}
		{C8819CD8-47C8-707B-1EAF-6B7E55451C08} = {7345D7EF-E4F8-45A0-85AC-E0099B1C1E00}
		{EA568308-EFF1-BB6F-8BA8-0DFE8AB9F45D} = {7345D7EF-E4F8-45A0-85AC-E0099B1C1E00}
	EndGlobalSection
	GlobalSection(ExtensibilityGlobals) = postSolution
		SolutionGuid = {810358C4-4439-45AB-AD48-BAFE6A6D611D}
	EndGlobalSection
EndGlobal
